
Microsoft Visual Studio Solution File, Format Version 12.00
# Visual Studio 15
VisualStudioVersion = 15.0.28307.102
MinimumVisualStudioVersion = 10.0.40219.1
Project("{FAE04EC0-301F-11D3-BF4B-00C04F79EFBC}") = "droppath", "droppath\droppath.csproj", "{4C1D2104-8014-4AE3-A0D8-98A6E619C60A}"
EndProject
Global
	GlobalSection(SolutionConfigurationPlatforms) = preSolution
		Debug|Any CPU = Debug|Any CPU
		Release|Any CPU = Release|Any CPU
	EndGlobalSection
	GlobalSection(ProjectConfigurationPlatforms) = postSolution
		{4C1D2104-8014-4AE3-A0D8-98A6E619C60A}.Debug|Any CPU.ActiveCfg = Debug|Any CPU
		{4C1D2104-8014-4AE3-A0D8-98A6E619C60A}.Debug|Any CPU.Build.0 = Debug|Any CPU
		{4C1D2104-8014-4AE3-A0D8-98A6E619C60A}.Release|Any CPU.ActiveCfg = Release|Any CPU
		{4C1D2104-8014-4AE3-A0D8-98A6E619C60A}.Release|Any CPU.Build.0 = Release|Any CPU
	EndGlobalSection
	GlobalSection(SolutionProperties) = preSolution
		HideSolutionNode = FALSE
	EndGlobalSection
	GlobalSection(ExtensibilityGlobals) = postSolution
		SolutionGuid = {61AF6DD9-8D96-4D04-B88C-A3ED85CCDCFA}
	EndGlobalSection
EndGlobal
